
Microsoft Visual Studio Solution File, Format Version 12.00
# Visual Studio Version 17
VisualStudioVersion = 17.0.31903.59
MinimumVisualStudioVersion = 10.0.40219.1
Project("{FAE04EC0-301F-11D3-BF4B-00C04F79EFBC}") = "Macondo.Model", "Macondo.Model\Macondo.Model.csproj", "{C05D29E7-F19F-4EB6-B323-474C6CD19BFF}"
EndProject
Project("{FAE04EC0-301F-11D3-BF4B-00C04F79EFBC}") = "Macondo.Data", "Macondo.Data\Macondo.Data.csproj", "{96602F7E-EE1B-48DE-8CB9-98407E15C96B}"
EndProject
Project("{FAE04EC0-301F-11D3-BF4B-00C04F79EFBC}") = "Macondo.Helpers", "Macondo.Helpers\Macondo.Helpers.csproj", "{E69DE54B-13B2-4F7C-9552-A5D95D707757}"
EndProject
Project("{FAE04EC0-301F-11D3-BF4B-00C04F79EFBC}") = "Macondo.Repositories", "Macondo.Repositories\Macondo.Repositories.csproj", "{CDB068E5-1D4B-4F6F-9702-1FF9CD52793A}"
EndProject
Project("{FAE04EC0-301F-11D3-BF4B-00C04F79EFBC}") = "Macondo.Services", "Macondo.Services\Macondo.Services.csproj", "{4626447A-39C0-48CE-BCE7-3F61D360179E}"
EndProject
Project("{FAE04EC0-301F-11D3-BF4B-00C04F79EFBC}") = "Macondo.Api", "Macondo.Api\Macondo.Api.csproj", "{2F16DBB8-4D9D-40B2-802F-561B2C13FD04}"
EndProject
Project("{FAE04EC0-301F-11D3-BF4B-00C04F79EFBC}") = "Macondo.TestApi", "Macondo.TestApi\Macondo.TestApi.csproj", "{558197D0-8D3F-48FD-A708-2E32D404853A}"
EndProject
Global
	GlobalSection(SolutionConfigurationPlatforms) = preSolution
		Debug|Any CPU = Debug|Any CPU
		Release|Any CPU = Release|Any CPU
	EndGlobalSection
	GlobalSection(SolutionProperties) = preSolution
		HideSolutionNode = FALSE
	EndGlobalSection
	GlobalSection(ProjectConfigurationPlatforms) = postSolution
		{C05D29E7-F19F-4EB6-B323-474C6CD19BFF}.Debug|Any CPU.ActiveCfg = Debug|Any CPU
		{C05D29E7-F19F-4EB6-B323-474C6CD19BFF}.Debug|Any CPU.Build.0 = Debug|Any CPU
		{C05D29E7-F19F-4EB6-B323-474C6CD19BFF}.Release|Any CPU.ActiveCfg = Release|Any CPU
		{C05D29E7-F19F-4EB6-B323-474C6CD19BFF}.Release|Any CPU.Build.0 = Release|Any CPU
		{96602F7E-EE1B-48DE-8CB9-98407E15C96B}.Debug|Any CPU.ActiveCfg = Debug|Any CPU
		{96602F7E-EE1B-48DE-8CB9-98407E15C96B}.Debug|Any CPU.Build.0 = Debug|Any CPU
		{96602F7E-EE1B-48DE-8CB9-98407E15C96B}.Release|Any CPU.ActiveCfg = Release|Any CPU
		{96602F7E-EE1B-48DE-8CB9-98407E15C96B}.Release|Any CPU.Build.0 = Release|Any CPU
		{E69DE54B-13B2-4F7C-9552-A5D95D707757}.Debug|Any CPU.ActiveCfg = Debug|Any CPU
		{E69DE54B-13B2-4F7C-9552-A5D95D707757}.Debug|Any CPU.Build.0 = Debug|Any CPU
		{E69DE54B-13B2-4F7C-9552-A5D95D707757}.Release|Any CPU.ActiveCfg = Release|Any CPU
		{E69DE54B-13B2-4F7C-9552-A5D95D707757}.Release|Any CPU.Build.0 = Release|Any CPU
		{CDB068E5-1D4B-4F6F-9702-1FF9CD52793A}.Debug|Any CPU.ActiveCfg = Debug|Any CPU
		{CDB068E5-1D4B-4F6F-9702-1FF9CD52793A}.Debug|Any CPU.Build.0 = Debug|Any CPU
		{CDB068E5-1D4B-4F6F-9702-1FF9CD52793A}.Release|Any CPU.ActiveCfg = Release|Any CPU
		{CDB068E5-1D4B-4F6F-9702-1FF9CD52793A}.Release|Any CPU.Build.0 = Release|Any CPU
		{4626447A-39C0-48CE-BCE7-3F61D360179E}.Debug|Any CPU.ActiveCfg = Debug|Any CPU
		{4626447A-39C0-48CE-BCE7-3F61D360179E}.Debug|Any CPU.Build.0 = Debug|Any CPU
		{4626447A-39C0-48CE-BCE7-3F61D360179E}.Release|Any CPU.ActiveCfg = Release|Any CPU
		{4626447A-39C0-48CE-BCE7-3F61D360179E}.Release|Any CPU.Build.0 = Release|Any CPU
		{2F16DBB8-4D9D-40B2-802F-561B2C13FD04}.Debug|Any CPU.ActiveCfg = Debug|Any CPU
		{2F16DBB8-4D9D-40B2-802F-561B2C13FD04}.Debug|Any CPU.Build.0 = Debug|Any CPU
		{2F16DBB8-4D9D-40B2-802F-561B2C13FD04}.Release|Any CPU.ActiveCfg = Release|Any CPU
		{2F16DBB8-4D9D-40B2-802F-561B2C13FD04}.Release|Any CPU.Build.0 = Release|Any CPU
		{558197D0-8D3F-48FD-A708-2E32D404853A}.Debug|Any CPU.ActiveCfg = Debug|Any CPU
		{558197D0-8D3F-48FD-A708-2E32D404853A}.Debug|Any CPU.Build.0 = Debug|Any CPU
		{558197D0-8D3F-48FD-A708-2E32D404853A}.Release|Any CPU.ActiveCfg = Release|Any CPU
		{558197D0-8D3F-48FD-A708-2E32D404853A}.Release|Any CPU.Build.0 = Release|Any CPU
	EndGlobalSection
EndGlobal
